{
  "name": "tests",
  "lockfileVersion": 3,
  "requires": true,
  "packages": {
    "": {
      "name": "tests",
      "workspaces": [
        "build-test"
      ]
    },
    "build-test": {
      "version": "1.0.0"
    },
    "node_modules/build-test": {
      "resolved": "build-test",
      "link": true
    }
  }
}
